
Microsoft Visual Studio Solution File, Format Version 12.00
# Visual Studio Version 17
VisualStudioVersion = 17.5.33627.172
MinimumVisualStudioVersion = 10.0.40219.1
Project("{9A19103F-16F7-4668-BE54-9A1E7A4F7556}") = "FastCommerce.Api", "FastCommerce.Api\FastCommerce.Api.csproj", "{4F77FF64-D367-4567-836A-4F36124D6A2D}"
EndProject
Project("{9A19103F-16F7-4668-BE54-9A1E7A4F7556}") = "FastCommerce.Infrastructure", "FastCommerce.Infrastructure\FastCommerce.Infrastructure.csproj", "{38511B1A-4E0B-497B-B903-A3FB14C0D66B}"
EndProject
Project("{9A19103F-16F7-4668-BE54-9A1E7A4F7556}") = "FastCommerce.Application", "FastCommerce.Application\FastCommerce.Application.csproj", "{E2127D42-106C-4DA1-B889-4AE41A0EB327}"
EndProject
Project("{9A19103F-16F7-4668-BE54-9A1E7A4F7556}") = "FastCommerce.Domain", "FastCommerce.Domain\FastCommerce.Domain.csproj", "{28C530C2-9C17-4F00-A095-72B3CF4D1351}"
EndProject
Global
	GlobalSection(SolutionConfigurationPlatforms) = preSolution
		Debug|Any CPU = Debug|Any CPU
		Release|Any CPU = Release|Any CPU
	EndGlobalSection
	GlobalSection(ProjectConfigurationPlatforms) = postSolution
		{4F77FF64-D367-4567-836A-4F36124D6A2D}.Debug|Any CPU.ActiveCfg = Debug|Any CPU
		{4F77FF64-D367-4567-836A-4F36124D6A2D}.Debug|Any CPU.Build.0 = Debug|Any CPU
		{4F77FF64-D367-4567-836A-4F36124D6A2D}.Release|Any CPU.ActiveCfg = Release|Any CPU
		{4F77FF64-D367-4567-836A-4F36124D6A2D}.Release|Any CPU.Build.0 = Release|Any CPU
		{38511B1A-4E0B-497B-B903-A3FB14C0D66B}.Debug|Any CPU.ActiveCfg = Debug|Any CPU
		{38511B1A-4E0B-497B-B903-A3FB14C0D66B}.Debug|Any CPU.Build.0 = Debug|Any CPU
		{38511B1A-4E0B-497B-B903-A3FB14C0D66B}.Release|Any CPU.ActiveCfg = Release|Any CPU
		{38511B1A-4E0B-497B-B903-A3FB14C0D66B}.Release|Any CPU.Build.0 = Release|Any CPU
		{E2127D42-106C-4DA1-B889-4AE41A0EB327}.Debug|Any CPU.ActiveCfg = Debug|Any CPU
		{E2127D42-106C-4DA1-B889-4AE41A0EB327}.Debug|Any CPU.Build.0 = Debug|Any CPU
		{E2127D42-106C-4DA1-B889-4AE41A0EB327}.Release|Any CPU.ActiveCfg = Release|Any CPU
		{E2127D42-106C-4DA1-B889-4AE41A0EB327}.Release|Any CPU.Build.0 = Release|Any CPU
		{28C530C2-9C17-4F00-A095-72B3CF4D1351}.Debug|Any CPU.ActiveCfg = Debug|Any CPU
		{28C530C2-9C17-4F00-A095-72B3CF4D1351}.Debug|Any CPU.Build.0 = Debug|Any CPU
		{28C530C2-9C17-4F00-A095-72B3CF4D1351}.Release|Any CPU.ActiveCfg = Release|Any CPU
		{28C530C2-9C17-4F00-A095-72B3CF4D1351}.Release|Any CPU.Build.0 = Release|Any CPU
	EndGlobalSection
	GlobalSection(SolutionProperties) = preSolution
		HideSolutionNode = FALSE
	EndGlobalSection
	GlobalSection(ExtensibilityGlobals) = postSolution
		SolutionGuid = {01829F35-2DFA-402B-AF40-F9D6C8DA417F}
	EndGlobalSection
EndGlobal
